<Solution>
  <Folder Name="/Solution Items/">
    <File Path="compose.yaml" />
  </Folder>
  <Folder Name="/src/" />
  <Folder Name="/src/backend/">
    <Project Path="src/backend/EShop.Api/EShop.Api.csproj" />
  </Folder>
  <Folder Name="/src/backend/Common/">
    <Project Path="src/backend/Common/EShop.Contracts/EShop.Contracts.csproj" />
    <Project Path="src/backend/Common/EShop.Shared/EShop.Shared.csproj" />
  </Folder>
  <Folder Name="/src/backend/Modules/" />
  <Folder Name="/src/backend/Modules/Cart/">
    <Project Path="src/backend/Modules/Cart/Modules.Cart/Modules.Cart.csproj" />
  </Folder>
  <Folder Name="/src/backend/Modules/Catalog/">
    <Project Path="src\backend\Modules\Catalog\Modules.Catalog\Modules.Catalog.csproj" />
  </Folder>
  <Folder Name="/src/backend/Modules/Identity/">
    <Project Path="src/backend/Modules/Identity/Modules.Identity/Modules.Identity.csproj" />
  </Folder>
  <Folder Name="/src/backend/Modules/Inventory/">
    <Project Path="src/backend/Modules/Inventory/Modules.Inventory/Modules.Inventory.csproj" />
  </Folder>
  <Folder Name="/src/backend/Modules/Orders/">
    <Project Path="src\backend\Modules\Orders\Modules.Orders\Modules.Orders.csproj" />
  </Folder>
  <Folder Name="/src/backend/Modules/Payment/">
    <Project Path="src\backend\Modules\Payment\Modules.Payments\Modules.Payments.csproj" />
  </Folder>
  <Folder Name="/src/backend/Workers/">
    <Project Path="src/backend/Workers/EShop.EmailWorker/EShop.EmailWorker.csproj" />
    <Project Path="src/backend/Workers/EShop.ImageWorker/EShop.ImageWorker.csproj" />
  </Folder>
  <Folder Name="/tests/" />
</Solution>
